
Microsoft Visual Studio Solution File, Format Version 12.00
# Visual Studio Version 16
VisualStudioVersion = 16.0.31321.278
MinimumVisualStudioVersion = 10.0.40219.1
Project("{FAE04EC0-301F-11D3-BF4B-00C04F79EFBC}") = "Csharp15.07.2022", "Csharp15.07.2022\Csharp15.07.2022.csproj", "{13FCB80A-C978-41E3-A7F2-B42B6DD189D5}"
EndProject
Global
	GlobalSection(SolutionConfigurationPlatforms) = preSolution
		Debug|Any CPU = Debug|Any CPU
		Release|Any CPU = Release|Any CPU
	EndGlobalSection
	GlobalSection(ProjectConfigurationPlatforms) = postSolution
		{13FCB80A-C978-41E3-A7F2-B42B6DD189D5}.Debug|Any CPU.ActiveCfg = Debug|Any CPU
		{13FCB80A-C978-41E3-A7F2-B42B6DD189D5}.Debug|Any CPU.Build.0 = Debug|Any CPU
		{13FCB80A-C978-41E3-A7F2-B42B6DD189D5}.Release|Any CPU.ActiveCfg = Release|Any CPU
		{13FCB80A-C978-41E3-A7F2-B42B6DD189D5}.Release|Any CPU.Build.0 = Release|Any CPU
	EndGlobalSection
	GlobalSection(SolutionProperties) = preSolution
		HideSolutionNode = FALSE
	EndGlobalSection
	GlobalSection(ExtensibilityGlobals) = postSolution
		SolutionGuid = {0314BD7F-F7BA-4C88-A09A-06402F3FAC1E}
	EndGlobalSection
EndGlobal
